
Microsoft Visual Studio Solution File, Format Version 12.00
# Visual Studio Version 16
VisualStudioVersion = 16.0.30523.141
MinimumVisualStudioVersion = 10.0.40219.1
Project("{FAE04EC0-301F-11D3-BF4B-00C04F79EFBC}") = "BarterUpApi", "BarterUpApi.csproj", "{8A17C7FD-1070-4C72-8F90-8F2B7CC0E176}"
EndProject
Global
	GlobalSection(SolutionConfigurationPlatforms) = preSolution
		Debug|Any CPU = Debug|Any CPU
		Release|Any CPU = Release|Any CPU
	EndGlobalSection
	GlobalSection(ProjectConfigurationPlatforms) = postSolution
		{8A17C7FD-1070-4C72-8F90-8F2B7CC0E176}.Debug|Any CPU.ActiveCfg = Debug|Any CPU
		{8A17C7FD-1070-4C72-8F90-8F2B7CC0E176}.Debug|Any CPU.Build.0 = Debug|Any CPU
		{8A17C7FD-1070-4C72-8F90-8F2B7CC0E176}.Release|Any CPU.ActiveCfg = Release|Any CPU
		{8A17C7FD-1070-4C72-8F90-8F2B7CC0E176}.Release|Any CPU.Build.0 = Release|Any CPU
	EndGlobalSection
	GlobalSection(SolutionProperties) = preSolution
		HideSolutionNode = FALSE
	EndGlobalSection
	GlobalSection(ExtensibilityGlobals) = postSolution
		SolutionGuid = {FD28E1A5-A1ED-456E-98C9-9FCA38A71162}
	EndGlobalSection
EndGlobal
